
Microsoft Visual Studio Solution File, Format Version 12.00
# Visual Studio Version 16
VisualStudioVersion = 16.0.29519.87
MinimumVisualStudioVersion = 10.0.40219.1
Project("{FAE04EC0-301F-11D3-BF4B-00C04F79EFBC}") = "ToogoodChallenge", "ToogoodChallenge\ToogoodChallenge.csproj", "{56B58C05-D025-435D-A1DD-338772781BED}"
EndProject
Global
	GlobalSection(SolutionConfigurationPlatforms) = preSolution
		Debug|Any CPU = Debug|Any CPU
		Release|Any CPU = Release|Any CPU
	EndGlobalSection
	GlobalSection(ProjectConfigurationPlatforms) = postSolution
		{56B58C05-D025-435D-A1DD-338772781BED}.Debug|Any CPU.ActiveCfg = Debug|Any CPU
		{56B58C05-D025-435D-A1DD-338772781BED}.Debug|Any CPU.Build.0 = Debug|Any CPU
		{56B58C05-D025-435D-A1DD-338772781BED}.Release|Any CPU.ActiveCfg = Release|Any CPU
		{56B58C05-D025-435D-A1DD-338772781BED}.Release|Any CPU.Build.0 = Release|Any CPU
	EndGlobalSection
	GlobalSection(SolutionProperties) = preSolution
		HideSolutionNode = FALSE
	EndGlobalSection
	GlobalSection(ExtensibilityGlobals) = postSolution
		SolutionGuid = {810ADA12-4F9E-4F9E-A17E-92F2D5929E52}
	EndGlobalSection
EndGlobal
